// !$*UTF8*$!
{
	archiveVersion = 1;
	classes = {
	};
	objectVersion = 46;
	objects = {

/* Begin PBXBuildFile section */
		32D2F6A41918151A00205648 /* Foundation.framework in Frameworks */ = {isa = PBXBuildFile; fileRef = 32D2F6A31918151A00205648 /* Foundation.framework */; };
		32D2F6A61918151A00205648 /* CoreGraphics.framework in Frameworks */ = {isa = PBXBuildFile; fileRef = 32D2F6A51918151A00205648 /* CoreGraphics.framework */; };
		32D2F6A81918151A00205648 /* UIKit.framework in Frameworks */ = {isa = PBXBuildFile; fileRef = 32D2F6A71918151A00205648 /* UIKit.framework */; };
		32D2F6AA1918151A00205648 /* SpriteKit.framework in Frameworks */ = {isa = PBXBuildFile; fileRef = 32D2F6A91918151A00205648 /* SpriteKit.framework */; };
		32D2F6B01918151A00205648 /* InfoPlist.strings in Resources */ = {isa = PBXBuildFile; fileRef = 32D2F6AE1918151A00205648 /* InfoPlist.strings */; };
		32D2F6B21918151A00205648 /* main.m in Sources */ = {isa = PBXBuildFile; fileRef = 32D2F6B11918151A00205648 /* main.m */; };
		32D2F6B61918151A00205648 /* CCAppDelegate.m in Sources */ = {isa = PBXBuildFile; fileRef = 32D2F6B51918151A00205648 /* CCAppDelegate.m */; };
		32D2F6B91918151A00205648 /* Main.storyboard in Resources */ = {isa = PBXBuildFile; fileRef = 32D2F6B71918151A00205648 /* Main.storyboard */; };
		32D2F6BC1918151A00205648 /* CCViewController.m in Sources */ = {isa = PBXBuildFile; fileRef = 32D2F6BB1918151A00205648 /* CCViewController.m */; };
		32D2F6BF1918151A00205648 /* CCMyScene.m in Sources */ = {isa = PBXBuildFile; fileRef = 32D2F6BE1918151A00205648 /* CCMyScene.m */; };
		32D2F6C11918151A00205648 /* Spaceship.png in Resources */ = {isa = PBXBuildFile; fileRef = 32D2F6C01918151A00205648 /* Spaceship.png */; };
		32D2F6C31918151A00205648 /* Images.xcassets in Resources */ = {isa = PBXBuildFile; fileRef = 32D2F6C21918151A00205648 /* Images.xcassets */; };
		32D2F6CA1918151A00205648 /* XCTest.framework in Frameworks */ = {isa = PBXBuildFile; fileRef = 32D2F6C91918151A00205648 /* XCTest.framework */; };
		32D2F6CB1918151A00205648 /* Foundation.framework in Frameworks */ = {isa = PBXBuildFile; fileRef = 32D2F6A31918151A00205648 /* Foundation.framework */; };
		32D2F6CC1918151A00205648 /* UIKit.framework in Frameworks */ = {isa = PBXBuildFile; fileRef = 32D2F6A71918151A00205648 /* UIKit.framework */; };
		32D2F6D41918151A00205648 /* InfoPlist.strings in Resources */ = {isa = PBXBuildFile; fileRef = 32D2F6D21918151A00205648 /* InfoPlist.strings */; };
		32D2F6D61918151A00205648 /* BallAssignmentTests.m in Sources */ = {isa = PBXBuildFile; fileRef = 32D2F6D51918151A00205648 /* BallAssignmentTests.m */; };
/* End PBXBuildFile section */

/* Begin PBXContainerItemProxy section */
		32D2F6CD1918151A00205648 /* PBXContainerItemProxy */ = {
			isa = PBXContainerItemProxy;
			containerPortal = 32D2F6981918151A00205648 /* Project object */;
			proxyType = 1;
			remoteGlobalIDString = 32D2F69F1918151A00205648;
			remoteInfo = BallAssignment;
		};
/* End PBXContainerItemProxy section */

/* Begin PBXFileReference section */
		32D2F6A01918151A00205648 /* BallAssignment.app */ = {isa = PBXFileReference; explicitFileType = wrapper.application; includeInIndex = 0; path = BallAssignment.app; sourceTree = BUILT_PRODUCTS_DIR; };
		32D2F6A31918151A00205648 /* Foundation.framework */ = {isa = PBXFileReference; lastKnownFileType = wrapper.framework; name = Foundation.framework; path = System/Library/Frameworks/Foundation.framework; sourceTree = SDKROOT; };
		32D2F6A51918151A00205648 /* CoreGraphics.framework */ = {isa = PBXFileReference; lastKnownFileType = wrapper.framework; name = CoreGraphics.framework; path = System/Library/Frameworks/CoreGraphics.framework; sourceTree = SDKROOT; };
		32D2F6A71918151A00205648 /* UIKit.framework */ = {isa = PBXFileReference; lastKnownFileType = wrapper.framework; name = UIKit.framework; path = System/Library/Frameworks/UIKit.framework; sourceTree = SDKROOT; };
		32D2F6A91918151A00205648 /* SpriteKit.framework */ = {isa = PBXFileReference; lastKnownFileType = wrapper.framework; name = SpriteKit.framework; path = System/Library/Frameworks/SpriteKit.framework; sourceTree = SDKROOT; };
		32D2F6AD1918151A00205648 /* BallAssignment-Info.plist */ = {isa = PBXFileReference; lastKnownFileType = text.plist.xml; path = "BallAssignment-Info.plist"; sourceTree = "<group>"; };
		32D2F6AF1918151A00205648 /* en */ = {isa = PBXFileReference; lastKnownFileType = text.plist.strings; name = en; path = en.lproj/InfoPlist.strings; sourceTree = "<group>"; };
		32D2F6B11918151A00205648 /* main.m */ = {isa = PBXFileReference; lastKnownFileType = sourcecode.c.objc; path = main.m; sourceTree = "<group>"; };
		32D2F6B31918151A00205648 /* BallAssignment-Prefix.pch */ = {isa = PBXFileReference; lastKnownFileType = sourcecode.c.h; path = "BallAssignment-Prefix.pch"; sourceTree = "<group>"; };
		32D2F6B41918151A00205648 /* CCAppDelegate.h */ = {isa = PBXFileReference; lastKnownFileType = sourcecode.c.h; path = CCAppDelegate.h; sourceTree = "<group>"; };
		32D2F6B51918151A00205648 /* CCAppDelegate.m */ = {isa = PBXFileReference; lastKnownFileType = sourcecode.c.objc; path = CCAppDelegate.m; sourceTree = "<group>"; };
		32D2F6B81918151A00205648 /* Base */ = {isa = PBXFileReference; lastKnownFileType = file.storyboard; name = Base; path = Base.lproj/Main.storyboard; sourceTree = "<group>"; };
		32D2F6BA1918151A00205648 /* CCViewController.h */ = {isa = PBXFileReference; lastKnownFileType = sourcecode.c.h; path = CCViewController.h; sourceTree = "<group>"; };
		32D2F6BB1918151A00205648 /* CCViewController.m */ = {isa = PBXFileReference; lastKnownFileType = sourcecode.c.objc; path = CCViewController.m; sourceTree = "<group>"; };
		32D2F6BD1918151A00205648 /* CCMyScene.h */ = {isa = PBXFileReference; lastKnownFileType = sourcecode.c.h; path = CCMyScene.h; sourceTree = "<group>"; };
		32D2F6BE1918151A00205648 /* CCMyScene.m */ = {isa = PBXFileReference; lastKnownFileType = sourcecode.c.objc; path = CCMyScene.m; sourceTree = "<group>"; };
		32D2F6C01918151A00205648 /* Spaceship.png */ = {isa = PBXFileReference; lastKnownFileType = image.png; path = Spaceship.png; sourceTree = "<group>"; };
		32D2F6C21918151A00205648 /* Images.xcassets */ = {isa = PBXFileReference; lastKnownFileType = folder.assetcatalog; path = Images.xcassets; sourceTree = "<group>"; };
		32D2F6C81918151A00205648 /* BallAssignmentTests.xctest */ = {isa = PBXFileReference; explicitFileType = wrapper.cfbundle; includeInIndex = 0; path = BallAssignmentTests.xctest; sourceTree = BUILT_PRODUCTS_DIR; };
		32D2F6C91918151A00205648 /* XCTest.framework */ = {isa = PBXFileReference; lastKnownFileType = wrapper.framework; name = XCTest.framework; path = Library/Frameworks/XCTest.framework; sourceTree = DEVELOPER_DIR; };
		32D2F6D11918151A00205648 /* BallAssignmentTests-Info.plist */ = {isa = PBXFileReference; lastKnownFileType = text.plist.xml; path = "BallAssignmentTests-Info.plist"; sourceTree = "<group>"; };
		32D2F6D31918151A00205648 /* en */ = {isa = PBXFileReference; lastKnownFileType = text.plist.strings; name = en; path = en.lproj/InfoPlist.strings; sourceTree = "<group>"; };
		32D2F6D51918151A00205648 /* BallAssignmentTests.m */ = {isa = PBXFileReference; lastKnownFileType = sourcecode.c.objc; path = BallAssignmentTests.m; sourceTree = "<group>"; };
/* End PBXFileReference section */

/* Begin PBXFrameworksBuildPhase section */
		32D2F69D1918151A00205648 /* Frameworks */ = {
			isa = PBXFrameworksBuildPhase;
			buildActionMask = 2147483647;
			files = (
				32D2F6A61918151A00205648 /* CoreGraphics.framework in Frameworks */,
				32D2F6A81918151A00205648 /* UIKit.framework in Frameworks */,
				32D2F6AA1918151A00205648 /* SpriteKit.framework in Frameworks */,
				32D2F6A41918151A00205648 /* Foundation.framework in Frameworks */,
			);
			runOnlyForDeploymentPostprocessing = 0;
		};
		32D2F6C51918151A00205648 /* Frameworks */ = {
			isa = PBXFrameworksBuildPhase;
			buildActionMask = 2147483647;
			files = (
				32D2F6CA1918151A00205648 /* XCTest.framework in Frameworks */,
				32D2F6CC1918151A00205648 /* UIKit.framework in Frameworks */,
				32D2F6CB1918151A00205648 /* Foundation.framework in Frameworks */,
			);
			runOnlyForDeploymentPostprocessing = 0;
		};
/* End PBXFrameworksBuildPhase section */

/* Begin PBXGroup section */
		32D2F6971918151A00205648 = {
			isa = PBXGroup;
			children = (
				32D2F6AB1918151A00205648 /* BallAssignment */,
				32D2F6CF1918151A00205648 /* BallAssignmentTests */,
				32D2F6A21918151A00205648 /* Frameworks */,
				32D2F6A11918151A00205648 /* Products */,
			);
			sourceTree = "<group>";
		};
		32D2F6A11918151A00205648 /* Products */ = {
			isa = PBXGroup;
			children = (
				32D2F6A01918151A00205648 /* BallAssignment.app */,
				32D2F6C81918151A00205648 /* BallAssignmentTests.xctest */,
			);
			name = Products;
			sourceTree = "<group>";
		};
		32D2F6A21918151A00205648 /* Frameworks */ = {
			isa = PBXGroup;
			children = (
				32D2F6A31918151A00205648 /* Foundation.framework */,
				32D2F6A51918151A00205648 /* CoreGraphics.framework */,
				32D2F6A71918151A00205648 /* UIKit.framework */,
				32D2F6A91918151A00205648 /* SpriteKit.framework */,
				32D2F6C91918151A00205648 /* XCTest.framework */,
			);
			name = Frameworks;
			sourceTree = "<group>";
		};
		32D2F6AB1918151A00205648 /* BallAssignment */ = {
			isa = PBXGroup;
			children = (
				32D2F6B41918151A00205648 /* CCAppDelegate.h */,
				32D2F6B51918151A00205648 /* CCAppDelegate.m */,
				32D2F6B71918151A00205648 /* Main.storyboard */,
				32D2F6BA1918151A00205648 /* CCViewController.h */,
				32D2F6BB1918151A00205648 /* CCViewController.m */,
				32D2F6BD1918151A00205648 /* CCMyScene.h */,
				32D2F6BE1918151A00205648 /* CCMyScene.m */,
				32D2F6C01918151A00205648 /* Spaceship.png */,
				32D2F6C21918151A00205648 /* Images.xcassets */,
				32D2F6AC1918151A00205648 /* Supporting Files */,
			);
			path = BallAssignment;
			sourceTree = "<group>";
		};
		32D2F6AC1918151A00205648 /* Supporting Files */ = {
			isa = PBXGroup;
			children = (
				32D2F6AD1918151A00205648 /* BallAssignment-Info.plist */,
				32D2F6AE1918151A00205648 /* InfoPlist.strings */,
				32D2F6B11918151A00205648 /* main.m */,
				32D2F6B31918151A00205648 /* BallAssignment-Prefix.pch */,
			);
			name = "Supporting Files";
			sourceTree = "<group>";
		};
		32D2F6CF1918151A00205648 /* BallAssignmentTests */ = {
			isa = PBXGroup;
			children = (
				32D2F6D51918151A00205648 /* BallAssignmentTests.m */,
				32D2F6D01918151A00205648 /* Supporting Files */,
			);
			path = BallAssignmentTests;
			sourceTree = "<group>";
		};
		32D2F6D01918151A00205648 /* Supporting Files */ = {
			isa = PBXGroup;
			children = (
				32D2F6D11918151A00205648 /* BallAssignmentTests-Info.plist */,
				32D2F6D21918151A00205648 /* InfoPlist.strings */,
			);
			name = "Supporting Files";
			sourceTree = "<group>";
		};
/* End PBXGroup section */

/* Begin PBXNativeTarget section */
		32D2F69F1918151A00205648 /* BallAssignment */ = {
			isa = PBXNativeTarget;
			buildConfigurationList = 32D2F6D91918151A00205648 /* Build configuration list for PBXNativeTarget "BallAssignment" */;
			buildPhases = (
				32D2F69C1918151A00205648 /* Sources */,
				32D2F69D1918151A00205648 /* Frameworks */,
				32D2F69E1918151A00205648 /* Resources */,
			);
			buildRules = (
			);
			dependencies = (
			);
			name = BallAssignment;
			productName = BallAssignment;
			productReference = 32D2F6A01918151A00205648 /* BallAssignment.app */;
			productType = "com.apple.product-type.application";
		};
		32D2F6C71918151A00205648 /* BallAssignmentTests */ = {
			isa = PBXNativeTarget;
			buildConfigurationList = 32D2F6DC1918151A00205648 /* Build configuration list for PBXNativeTarget "BallAssignmentTests" */;
			buildPhases = (
				32D2F6C41918151A00205648 /* Sources */,
				32D2F6C51918151A00205648 /* Frameworks */,
				32D2F6C61918151A00205648 /* Resources */,
			);
			buildRules = (
			);
			dependencies = (
				32D2F6CE1918151A00205648 /* PBXTargetDependency */,
			);
			name = BallAssignmentTests;
			productName = BallAssignmentTests;
			productReference = 32D2F6C81918151A00205648 /* BallAssignmentTests.xctest */;
			productType = "com.apple.product-type.bundle.unit-test";
		};
/* End PBXNativeTarget section */

/* Begin PBXProject section */
		32D2F6981918151A00205648 /* Project object */ = {
			isa = PBXProject;
			attributes = {
				CLASSPREFIX = CC;
				LastUpgradeCheck = 0510;
				ORGANIZATIONNAME = "Raz Labs";
				TargetAttributes = {
					32D2F6C71918151A00205648 = {
						TestTargetID = 32D2F69F1918151A00205648;
					};
				};
			};
			buildConfigurationList = 32D2F69B1918151A00205648 /* Build configuration list for PBXProject "BallAssignment" */;
			compatibilityVersion = "Xcode 3.2";
			developmentRegion = English;
			hasScannedForEncodings = 0;
			knownRegions = (
				en,
				Base,
			);
			mainGroup = 32D2F6971918151A00205648;
			productRefGroup = 32D2F6A11918151A00205648 /* Products */;
			projectDirPath = "";
			projectRoot = "";
			targets = (
				32D2F69F1918151A00205648 /* BallAssignment */,
				32D2F6C71918151A00205648 /* BallAssignmentTests */,
			);
		};
/* End PBXProject section */

/* Begin PBXResourcesBuildPhase section */
		32D2F69E1918151A00205648 /* Resources */ = {
			isa = PBXResourcesBuildPhase;
			buildActionMask = 2147483647;
			files = (
				32D2F6B01918151A00205648 /* InfoPlist.strings in Resources */,
				32D2F6C31918151A00205648 /* Images.xcassets in Resources */,
				32D2F6C11918151A00205648 /* Spaceship.png in Resources */,
				32D2F6B91918151A00205648 /* Main.storyboard in Resources */,
			);
			runOnlyForDeploymentPostprocessing = 0;
		};
		32D2F6C61918151A00205648 /* Resources */ = {
			isa = PBXResourcesBuildPhase;
			buildActionMask = 2147483647;
			files = (
				32D2F6D41918151A00205648 /* InfoPlist.strings in Resources */,
			);
			runOnlyForDeploymentPostprocessing = 0;
		};
/* End PBXResourcesBuildPhase section */

/* Begin PBXSourcesBuildPhase section */
		32D2F69C1918151A00205648 /* Sources */ = {
			isa = PBXSourcesBuildPhase;
			buildActionMask = 2147483647;
			files = (
				32D2F6BF1918151A00205648 /* CCMyScene.m in Sources */,
				32D2F6B61918151A00205648 /* CCAppDelegate.m in Sources */,
				32D2F6B21918151A00205648 /* main.m in Sources */,
				32D2F6BC1918151A00205648 /* CCViewController.m in Sources */,
			);
			runOnlyForDeploymentPostprocessing = 0;
		};
		32D2F6C41918151A00205648 /* Sources */ = {
			isa = PBXSourcesBuildPhase;
			buildActionMask = 2147483647;
			files = (
				32D2F6D61918151A00205648 /* BallAssignmentTests.m in Sources */,
			);
			runOnlyForDeploymentPostprocessing = 0;
		};
/* End PBXSourcesBuildPhase section */

/* Begin PBXTargetDependency section */
		32D2F6CE1918151A00205648 /* PBXTargetDependency */ = {
			isa = PBXTargetDependency;
			target = 32D2F69F1918151A00205648 /* BallAssignment */;
			targetProxy = 32D2F6CD1918151A00205648 /* PBXContainerItemProxy */;
		};
/* End PBXTargetDependency section */

/* Begin PBXVariantGroup section */
		32D2F6AE1918151A00205648 /* InfoPlist.strings */ = {
			isa = PBXVariantGroup;
			children = (
				32D2F6AF1918151A00205648 /* en */,
			);
			name = InfoPlist.strings;
			sourceTree = "<group>";
		};
		32D2F6B71918151A00205648 /* Main.storyboard */ = {
			isa = PBXVariantGroup;
			children = (
				32D2F6B81918151A00205648 /* Base */,
			);
			name = Main.storyboard;
			sourceTree = "<group>";
		};
		32D2F6D21918151A00205648 /* InfoPlist.strings */ = {
			isa = PBXVariantGroup;
			children = (
				32D2F6D31918151A00205648 /* en */,
			);
			name = InfoPlist.strings;
			sourceTree = "<group>";
		};
/* End PBXVariantGroup section */

/* Begin XCBuildConfiguration section */
		32D2F6D71918151A00205648 /* Debug */ = {
			isa = XCBuildConfiguration;
			buildSettings = {
				ALWAYS_SEARCH_USER_PATHS = NO;
				CLANG_CXX_LANGUAGE_STANDARD = "gnu++0x";
				CLANG_CXX_LIBRARY = "libc++";
				CLANG_ENABLE_MODULES = YES;
				CLANG_ENABLE_OBJC_ARC = YES;
				CLANG_WARN_BOOL_CONVERSION = YES;
				CLANG_WARN_CONSTANT_CONVERSION = YES;
				CLANG_WARN_DIRECT_OBJC_ISA_USAGE = YES_ERROR;
				CLANG_WARN_EMPTY_BODY = YES;
				CLANG_WARN_ENUM_CONVERSION = YES;
				CLANG_WARN_INT_CONVERSION = YES;
				CLANG_WARN_OBJC_ROOT_CLASS = YES_ERROR;
				CLANG_WARN__DUPLICATE_METHOD_MATCH = YES;
				"CODE_SIGN_IDENTITY[sdk=iphoneos*]" = "iPhone Developer";
				COPY_PHASE_STRIP = NO;
				GCC_C_LANGUAGE_STANDARD = gnu99;
				GCC_DYNAMIC_NO_PIC = NO;
				GCC_OPTIMIZATION_LEVEL = 0;
				GCC_PREPROCESSOR_DEFINITIONS = (
					"DEBUG=1",
					"$(inherited)",
				);
				GCC_SYMBOLS_PRIVATE_EXTERN = NO;
				GCC_WARN_64_TO_32_BIT_CONVERSION = YES;
				GCC_WARN_ABOUT_RETURN_TYPE = YES_ERROR;
				GCC_WARN_UNDECLARED_SELECTOR = YES;
				GCC_WARN_UNINITIALIZED_AUTOS = YES_AGGRESSIVE;
				GCC_WARN_UNUSED_FUNCTION = YES;
				GCC_WARN_UNUSED_VARIABLE = YES;
				IPHONEOS_DEPLOYMENT_TARGET = 7.1;
				ONLY_ACTIVE_ARCH = YES;
				SDKROOT = iphoneos;
			};
			name = Debug;
		};
		32D2F6D81918151A00205648 /* Release */ = {
			isa = XCBuildConfiguration;
			buildSettings = {
				ALWAYS_SEARCH_USER_PATHS = NO;
				CLANG_CXX_LANGUAGE_STANDARD = "gnu++0x";
				CLANG_CXX_LIBRARY = "libc++";
				CLANG_ENABLE_MODULES = YES;
				CLANG_ENABLE_OBJC_ARC = YES;
				CLANG_WARN_BOOL_CONVERSION = YES;
				CLANG_WARN_CONSTANT_CONVERSION = YES;
				CLANG_WARN_DIRECT_OBJC_ISA_USAGE = YES_ERROR;
				CLANG_WARN_EMPTY_BODY = YES;
				CLANG_WARN_ENUM_CONVERSION = YES;
				CLANG_WARN_INT_CONVERSION = YES;
				CLANG_WARN_OBJC_ROOT_CLASS = YES_ERROR;
				CLANG_WARN__DUPLICATE_METHOD_MATCH = YES;
				"CODE_SIGN_IDENTITY[sdk=iphoneos*]" = "iPhone Developer";
				COPY_PHASE_STRIP = YES;
				ENABLE_NS_ASSERTIONS = NO;
				GCC_C_LANGUAGE_STANDARD = gnu99;
				GCC_WARN_64_TO_32_BIT_CONVERSION = YES;
				GCC_WARN_ABOUT_RETURN_TYPE = YES_ERROR;
				GCC_WARN_UNDECLARED_SELECTOR = YES;
				GCC_WARN_UNINITIALIZED_AUTOS = YES_AGGRESSIVE;
				GCC_WARN_UNUSED_FUNCTION = YES;
				GCC_WARN_UNUSED_VARIABLE = YES;
				IPHONEOS_DEPLOYMENT_TARGET = 7.1;
				SDKROOT = iphoneos;
				VALIDATE_PRODUCT = YES;
			};
			name = Release;
		};
		32D2F6DA1918151A00205648 /* Debug */ = {
			isa = XCBuildConfiguration;
			buildSettings = {
				ASSETCATALOG_COMPILER_APPICON_NAME = AppIcon;
				ASSETCATALOG_COMPILER_LAUNCHIMAGE_NAME = LaunchImage;
				GCC_PRECOMPILE_PREFIX_HEADER = YES;
				GCC_PREFIX_HEADER = "BallAssignment/BallAssignment-Prefix.pch";
				INFOPLIST_FILE = "BallAssignment/BallAssignment-Info.plist";
				PRODUCT_NAME = "$(TARGET_NAME)";
				SPRITEKIT_TEXTURE_ATLAS_OUTPUT = YES;
				WRAPPER_EXTENSION = app;
			};
			name = Debug;
		};
		32D2F6DB1918151A00205648 /* Release */ = {
			isa = XCBuildConfiguration;
			buildSettings = {
				ASSETCATALOG_COMPILER_APPICON_NAME = AppIcon;
				ASSETCATALOG_COMPILER_LAUNCHIMAGE_NAME = LaunchImage;
				GCC_PRECOMPILE_PREFIX_HEADER = YES;
				GCC_PREFIX_HEADER = "BallAssignment/BallAssignment-Prefix.pch";
				INFOPLIST_FILE = "BallAssignment/BallAssignment-Info.plist";
				PRODUCT_NAME = "$(TARGET_NAME)";
				SPRITEKIT_TEXTURE_ATLAS_OUTPUT = YES;
				WRAPPER_EXTENSION = app;
			};
			name = Release;
		};
		32D2F6DD1918151A00205648 /* Debug */ = {
			isa = XCBuildConfiguration;
			buildSettings = {
				BUNDLE_LOADER = "$(BUILT_PRODUCTS_DIR)/BallAssignment.app/BallAssignment";
				FRAMEWORK_SEARCH_PATHS = (
					"$(SDKROOT)/Developer/Library/Frameworks",
					"$(inherited)",
					"$(DEVELOPER_FRAMEWORKS_DIR)",
				);
				GCC_PRECOMPILE_PREFIX_HEADER = YES;
				GCC_PREFIX_HEADER = "BallAssignment/BallAssignment-Prefix.pch";
				GCC_PREPROCESSOR_DEFINITIONS = (
					"DEBUG=1",
					"$(inherited)",
				);
				INFOPLIST_FILE = "BallAssignmentTests/BallAssignmentTests-Info.plist";
				PRODUCT_NAME = "$(TARGET_NAME)";
				TEST_HOST = "$(BUNDLE_LOADER)";
				WRAPPER_EXTENSION = xctest;
			};
			name = Debug;
		};
		32D2F6DE1918151A00205648 /* Release */ = {
			isa = XCBuildConfiguration;
			buildSettings = {
				BUNDLE_LOADER = "$(BUILT_PRODUCTS_DIR)/BallAssignment.app/BallAssignment";
				FRAMEWORK_SEARCH_PATHS = (
					"$(SDKROOT)/Developer/Library/Frameworks",
					"$(inherited)",
					"$(DEVELOPER_FRAMEWORKS_DIR)",
				);
				GCC_PRECOMPILE_PREFIX_HEADER = YES;
				GCC_PREFIX_HEADER = "BallAssignment/BallAssignment-Prefix.pch";
				INFOPLIST_FILE = "BallAssignmentTests/BallAssignmentTests-Info.plist";
				PRODUCT_NAME = "$(TARGET_NAME)";
				TEST_HOST = "$(BUNDLE_LOADER)";
				WRAPPER_EXTENSION = xctest;
			};
			name = Release;
		};
/* End XCBuildConfiguration section */

/* Begin XCConfigurationList section */
		32D2F69B1918151A00205648 /* Build configuration list for PBXProject "BallAssignment" */ = {
			isa = XCConfigurationList;
			buildConfigurations = (
				32D2F6D71918151A00205648 /* Debug */,
				32D2F6D81918151A00205648 /* Release */,
			);
			defaultConfigurationIsVisible = 0;
			defaultConfigurationName = Release;
		};
		32D2F6D91918151A00205648 /* Build configuration list for PBXNativeTarget "BallAssignment" */ = {
			isa = XCConfigurationList;
			buildConfigurations = (
				32D2F6DA1918151A00205648 /* Debug */,
				32D2F6DB1918151A00205648 /* Release */,
			);
			defaultConfigurationIsVisible = 0;
		};
		32D2F6DC1918151A00205648 /* Build configuration list for PBXNativeTarget "BallAssignmentTests" */ = {
			isa = XCConfigurationList;
			buildConfigurations = (
				32D2F6DD1918151A00205648 /* Debug */,
				32D2F6DE1918151A00205648 /* Release */,
			);
			defaultConfigurationIsVisible = 0;
		};
/* End XCConfigurationList section */
	};
	rootObject = 32D2F6981918151A00205648 /* Project object */;
}
